
Microsoft Visual Studio Solution File, Format Version 12.00
# Visual Studio 15
VisualStudioVersion = 15.0.27703.2035
MinimumVisualStudioVersion = 10.0.40219.1
Project("{FAE04EC0-301F-11D3-BF4B-00C04F79EFBC}") = "PrivyGet", "PrivyGet\PrivyGet.csproj", "{CF957B79-0F79-44EB-BEE3-CCE77E5E247E}"
EndProject
Global
	GlobalSection(SolutionConfigurationPlatforms) = preSolution
		Debug|Any CPU = Debug|Any CPU
		Release|Any CPU = Release|Any CPU
	EndGlobalSection
	GlobalSection(ProjectConfigurationPlatforms) = postSolution
		{CF957B79-0F79-44EB-BEE3-CCE77E5E247E}.Debug|Any CPU.ActiveCfg = Debug|Any CPU
		{CF957B79-0F79-44EB-BEE3-CCE77E5E247E}.Debug|Any CPU.Build.0 = Debug|Any CPU
		{CF957B79-0F79-44EB-BEE3-CCE77E5E247E}.Release|Any CPU.ActiveCfg = Release|Any CPU
		{CF957B79-0F79-44EB-BEE3-CCE77E5E247E}.Release|Any CPU.Build.0 = Release|Any CPU
	EndGlobalSection
	GlobalSection(SolutionProperties) = preSolution
		HideSolutionNode = FALSE
	EndGlobalSection
	GlobalSection(ExtensibilityGlobals) = postSolution
		SolutionGuid = {CD602F9B-DFA5-42DC-9BA6-B999C4DF7DC7}
	EndGlobalSection
EndGlobal
